
Microsoft Visual Studio Solution File, Format Version 12.00
# Visual Studio Version 16
VisualStudioVersion = 16.0.30804.86
MinimumVisualStudioVersion = 10.0.40219.1
Project("{FAE04EC0-301F-11D3-BF4B-00C04F79EFBC}") = "VSLinqPadExtension", "VSLinqPadExtension\VSLinqPadExtension.csproj", "{0E402CB2-C4A0-4785-937A-4DFBE6906882}"
EndProject
Project("{2150E333-8FDC-42A3-9474-1A3956D46DE8}") = "Images", "Images", "{BBE4F968-1865-4E70-9E5F-E246000DDCEA}"
	ProjectSection(SolutionItems) = preProject
		Images\LinqPad.pdn = Images\LinqPad.pdn
		Images\LinqPad.png = Images\LinqPad.png
	EndProjectSection
EndProject
Project("{2150E333-8FDC-42A3-9474-1A3956D46DE8}") = "Solution Items", "Solution Items", "{355483CC-45D8-4597-B0A8-8CB292BC3776}"
	ProjectSection(SolutionItems) = preProject
		..\LICENSE = ..\LICENSE
		..\README.md = ..\README.md
	EndProjectSection
EndProject
Global
	GlobalSection(SolutionConfigurationPlatforms) = preSolution
		Debug|Any CPU = Debug|Any CPU
		Release|Any CPU = Release|Any CPU
	EndGlobalSection
	GlobalSection(ProjectConfigurationPlatforms) = postSolution
		{0E402CB2-C4A0-4785-937A-4DFBE6906882}.Debug|Any CPU.ActiveCfg = Debug|Any CPU
		{0E402CB2-C4A0-4785-937A-4DFBE6906882}.Debug|Any CPU.Build.0 = Debug|Any CPU
		{0E402CB2-C4A0-4785-937A-4DFBE6906882}.Release|Any CPU.ActiveCfg = Release|Any CPU
		{0E402CB2-C4A0-4785-937A-4DFBE6906882}.Release|Any CPU.Build.0 = Release|Any CPU
	EndGlobalSection
	GlobalSection(SolutionProperties) = preSolution
		HideSolutionNode = FALSE
	EndGlobalSection
	GlobalSection(ExtensibilityGlobals) = postSolution
		SolutionGuid = {13DA5970-9ADA-4ACA-819A-1ABAC99C48C5}
	EndGlobalSection
EndGlobal
